
Microsoft Visual Studio Solution File, Format Version 12.00
Project("{FAE04EC0-301F-11D3-BF4B-00C04F79EFBC}") = "WebApp", "WebApp\WebApp.csproj", "{7CDCC6FC-3541-44AF-957F-D2A7C3CDA950}"
EndProject
Project("{2150E333-8FDC-42A3-9474-1A3956D46DE8}") = "App", "App", "{EF2259CA-9DDC-47C4-8C0E-1EF24ECC524A}"
EndProject
Project("{FAE04EC0-301F-11D3-BF4B-00C04F79EFBC}") = "App.Domain", "App.Domain\App.Domain.csproj", "{5FD5961A-D316-46D4-B51F-721169F26592}"
EndProject
Project("{2150E333-8FDC-42A3-9474-1A3956D46DE8}") = "Base", "Base", "{71BD1521-94F6-4F45-833D-656ADD72556C}"
EndProject
Project("{FAE04EC0-301F-11D3-BF4B-00C04F79EFBC}") = "Base.Domain", "Base.Domain\Base.Domain.csproj", "{3E02AE3C-129E-4C79-9933-F4C2316547B3}"
EndProject
Project("{2150E333-8FDC-42A3-9474-1A3956D46DE8}") = "Other", "Other", "{ABBB7B3F-B230-4C9A-84E4-570E6862761E}"
	ProjectSection(SolutionItems) = preProject
		..\README.md = ..\README.md
		docker-compose.yml = docker-compose.yml
	EndProjectSection
EndProject
Project("{FAE04EC0-301F-11D3-BF4B-00C04F79EFBC}") = "App.DAL", "App.DAL\App.DAL.csproj", "{E59DEA72-600C-4597-AA2D-A7643EE95223}"
EndProject
Project("{FAE04EC0-301F-11D3-BF4B-00C04F79EFBC}") = "Helpers", "Helpers\Helpers.csproj", "{CFA40501-0B71-45CE-9A66-3CDB34EA852C}"
EndProject
Project("{FAE04EC0-301F-11D3-BF4B-00C04F79EFBC}") = "QueryParameters", "QueryParameters\QueryParameters.csproj", "{580833C3-BAD8-4C32-88C3-780C4EADA1F6}"
EndProject
Global
	GlobalSection(SolutionConfigurationPlatforms) = preSolution
		Debug|Any CPU = Debug|Any CPU
		Release|Any CPU = Release|Any CPU
	EndGlobalSection
	GlobalSection(ProjectConfigurationPlatforms) = postSolution
		{7CDCC6FC-3541-44AF-957F-D2A7C3CDA950}.Debug|Any CPU.ActiveCfg = Debug|Any CPU
		{7CDCC6FC-3541-44AF-957F-D2A7C3CDA950}.Debug|Any CPU.Build.0 = Debug|Any CPU
		{7CDCC6FC-3541-44AF-957F-D2A7C3CDA950}.Release|Any CPU.ActiveCfg = Release|Any CPU
		{7CDCC6FC-3541-44AF-957F-D2A7C3CDA950}.Release|Any CPU.Build.0 = Release|Any CPU
		{5FD5961A-D316-46D4-B51F-721169F26592}.Debug|Any CPU.ActiveCfg = Debug|Any CPU
		{5FD5961A-D316-46D4-B51F-721169F26592}.Debug|Any CPU.Build.0 = Debug|Any CPU
		{5FD5961A-D316-46D4-B51F-721169F26592}.Release|Any CPU.ActiveCfg = Release|Any CPU
		{5FD5961A-D316-46D4-B51F-721169F26592}.Release|Any CPU.Build.0 = Release|Any CPU
		{3E02AE3C-129E-4C79-9933-F4C2316547B3}.Debug|Any CPU.ActiveCfg = Debug|Any CPU
		{3E02AE3C-129E-4C79-9933-F4C2316547B3}.Debug|Any CPU.Build.0 = Debug|Any CPU
		{3E02AE3C-129E-4C79-9933-F4C2316547B3}.Release|Any CPU.ActiveCfg = Release|Any CPU
		{3E02AE3C-129E-4C79-9933-F4C2316547B3}.Release|Any CPU.Build.0 = Release|Any CPU
		{E59DEA72-600C-4597-AA2D-A7643EE95223}.Debug|Any CPU.ActiveCfg = Debug|Any CPU
		{E59DEA72-600C-4597-AA2D-A7643EE95223}.Debug|Any CPU.Build.0 = Debug|Any CPU
		{E59DEA72-600C-4597-AA2D-A7643EE95223}.Release|Any CPU.ActiveCfg = Release|Any CPU
		{E59DEA72-600C-4597-AA2D-A7643EE95223}.Release|Any CPU.Build.0 = Release|Any CPU
		{CFA40501-0B71-45CE-9A66-3CDB34EA852C}.Debug|Any CPU.ActiveCfg = Debug|Any CPU
		{CFA40501-0B71-45CE-9A66-3CDB34EA852C}.Debug|Any CPU.Build.0 = Debug|Any CPU
		{CFA40501-0B71-45CE-9A66-3CDB34EA852C}.Release|Any CPU.ActiveCfg = Release|Any CPU
		{CFA40501-0B71-45CE-9A66-3CDB34EA852C}.Release|Any CPU.Build.0 = Release|Any CPU
		{580833C3-BAD8-4C32-88C3-780C4EADA1F6}.Debug|Any CPU.ActiveCfg = Debug|Any CPU
		{580833C3-BAD8-4C32-88C3-780C4EADA1F6}.Debug|Any CPU.Build.0 = Debug|Any CPU
		{580833C3-BAD8-4C32-88C3-780C4EADA1F6}.Release|Any CPU.ActiveCfg = Release|Any CPU
		{580833C3-BAD8-4C32-88C3-780C4EADA1F6}.Release|Any CPU.Build.0 = Release|Any CPU
	EndGlobalSection
	GlobalSection(NestedProjects) = preSolution
		{7CDCC6FC-3541-44AF-957F-D2A7C3CDA950} = {EF2259CA-9DDC-47C4-8C0E-1EF24ECC524A}
		{5FD5961A-D316-46D4-B51F-721169F26592} = {EF2259CA-9DDC-47C4-8C0E-1EF24ECC524A}
		{3E02AE3C-129E-4C79-9933-F4C2316547B3} = {71BD1521-94F6-4F45-833D-656ADD72556C}
		{E59DEA72-600C-4597-AA2D-A7643EE95223} = {EF2259CA-9DDC-47C4-8C0E-1EF24ECC524A}
		{CFA40501-0B71-45CE-9A66-3CDB34EA852C} = {EF2259CA-9DDC-47C4-8C0E-1EF24ECC524A}
		{580833C3-BAD8-4C32-88C3-780C4EADA1F6} = {EF2259CA-9DDC-47C4-8C0E-1EF24ECC524A}
	EndGlobalSection
EndGlobal
